
Microsoft Visual Studio Solution File, Format Version 12.00
# Visual Studio Version 16
VisualStudioVersion = 16.0.30611.23
MinimumVisualStudioVersion = 10.0.40219.1
Project("{FAE04EC0-301F-11D3-BF4B-00C04F79EFBC}") = "CSharpExample", "CSharpExample.csproj", "{548A574F-E074-4259-A284-A46CCF8931AC}"
EndProject
Project("{FAE04EC0-301F-11D3-BF4B-00C04F79EFBC}") = "DemoLibrary", "..\DemoLibrary\DemoLibrary.csproj", "{FEEEC5C6-DFEF-453F-86D5-E120475F7BD6}"
EndProject
Global
	GlobalSection(SolutionConfigurationPlatforms) = preSolution
		Debug|Any CPU = Debug|Any CPU
		Release|Any CPU = Release|Any CPU
	EndGlobalSection
	GlobalSection(ProjectConfigurationPlatforms) = postSolution
		{548A574F-E074-4259-A284-A46CCF8931AC}.Debug|Any CPU.ActiveCfg = Debug|Any CPU
		{548A574F-E074-4259-A284-A46CCF8931AC}.Debug|Any CPU.Build.0 = Debug|Any CPU
		{548A574F-E074-4259-A284-A46CCF8931AC}.Release|Any CPU.ActiveCfg = Release|Any CPU
		{548A574F-E074-4259-A284-A46CCF8931AC}.Release|Any CPU.Build.0 = Release|Any CPU
		{FEEEC5C6-DFEF-453F-86D5-E120475F7BD6}.Debug|Any CPU.ActiveCfg = Debug|Any CPU
		{FEEEC5C6-DFEF-453F-86D5-E120475F7BD6}.Debug|Any CPU.Build.0 = Debug|Any CPU
		{FEEEC5C6-DFEF-453F-86D5-E120475F7BD6}.Release|Any CPU.ActiveCfg = Release|Any CPU
		{FEEEC5C6-DFEF-453F-86D5-E120475F7BD6}.Release|Any CPU.Build.0 = Release|Any CPU
	EndGlobalSection
	GlobalSection(SolutionProperties) = preSolution
		HideSolutionNode = FALSE
	EndGlobalSection
	GlobalSection(ExtensibilityGlobals) = postSolution
		SolutionGuid = {39E2C744-EEC4-40ED-8448-1E4506FC165A}
	EndGlobalSection
EndGlobal
